
Microsoft Visual Studio Solution File, Format Version 12.00
# Visual Studio Version 16
VisualStudioVersion = 25.0.1703.5
MinimumVisualStudioVersion = 10.0.40219.1
Project("{FAE04EC0-301F-11D3-BF4B-00C04F79EFBC}") = "DotNetCoreProject", "DotNetCoreProject.csproj", "{08DFA094-B841-47FA-8D69-D071962A93B3}"
EndProject
Global
	GlobalSection(SolutionConfigurationPlatforms) = preSolution
		Debug|Any CPU = Debug|Any CPU
		Release|Any CPU = Release|Any CPU
	EndGlobalSection
	GlobalSection(ProjectConfigurationPlatforms) = postSolution
		{08DFA094-B841-47FA-8D69-D071962A93B3}.Debug|Any CPU.ActiveCfg = Debug|Any CPU
		{08DFA094-B841-47FA-8D69-D071962A93B3}.Debug|Any CPU.Build.0 = Debug|Any CPU
		{08DFA094-B841-47FA-8D69-D071962A93B3}.Release|Any CPU.ActiveCfg = Release|Any CPU
		{08DFA094-B841-47FA-8D69-D071962A93B3}.Release|Any CPU.Build.0 = Release|Any CPU
	EndGlobalSection
	GlobalSection(SolutionProperties) = preSolution
		HideSolutionNode = FALSE
	EndGlobalSection
	GlobalSection(ExtensibilityGlobals) = postSolution
		SolutionGuid = {69197469-9E14-4C6F-AC60-C86EADA33439}
	EndGlobalSection
EndGlobal
